{
  "version": 4,
  "terraform_version": "0.15.0",
  "serial": 98,
  "lineage": "2d695b23-94e8-40cb-5b82-a752e98bf5d7",
  "outputs": {},
  "resources": [
    {
      "mode": "data",
      "type": "aws_iam_policy_document",
      "name": "ecs_task_role_policy_document",
      "provider": "provider[\"registry.terraform.io/hashicorp/aws\"]",
      "instances": [
        {
          "schema_version": 0,
          "attributes": {
            "id": "3375004533",
            "json": "{\n  \"Version\": \"2012-10-17\",\n  \"Statement\": [\n    {\n      \"Sid\": \"\",\n      \"Effect\": \"Allow\",\n      \"Action\": [\n        \"logs:PutLogEvents\",\n        \"logs:DescribeLogStreams\",\n        \"logs:CreateLogStream\",\n        \"logs:CreateLogGroup\",\n        \"iam:CreateRole\"\n      ],\n      \"Resource\": \"*\"\n    }\n  ]\n}",
            "override_json": null,
            "override_policy_documents": null,
            "policy_id": null,
            "source_json": null,
            "source_policy_documents": null,
            "statement": [
              {
                "actions": [
                  "iam:CreateRole",
                  "logs:CreateLogGroup",
                  "logs:CreateLogStream",
                  "logs:DescribeLogStreams",
                  "logs:PutLogEvents"
                ],
                "condition": [],
                "effect": "Allow",
                "not_actions": [],
                "not_principals": [],
                "not_resources": [],
                "principals": [],
                "resources": [
                  "*"
                ],
                "sid": ""
              }
            ],
            "version": "2012-10-17"
          },
          "sensitive_attributes": []
        }
      ]
    },
    {
      "mode": "data",
      "type": "aws_iam_policy_document",
      "name": "task-assume-role-policy",
      "provider": "provider[\"registry.terraform.io/hashicorp/aws\"]",
      "instances": [
        {
          "schema_version": 0,
          "attributes": {
            "id": "320642683",
            "json": "{\n  \"Version\": \"2012-10-17\",\n  \"Statement\": [\n    {\n      \"Sid\": \"\",\n      \"Effect\": \"Allow\",\n      \"Action\": \"sts:AssumeRole\",\n      \"Principal\": {\n        \"Service\": \"ecs-tasks.amazonaws.com\"\n      }\n    }\n  ]\n}",
            "override_json": null,
            "override_policy_documents": null,
            "policy_id": null,
            "source_json": null,
            "source_policy_documents": null,
            "statement": [
              {
                "actions": [
                  "sts:AssumeRole"
                ],
                "condition": [],
                "effect": "Allow",
                "not_actions": [],
                "not_principals": [],
                "not_resources": [],
                "principals": [
                  {
                    "identifiers": [
                      "ecs-tasks.amazonaws.com"
                    ],
                    "type": "Service"
                  }
                ],
                "resources": [],
                "sid": ""
              }
            ],
            "version": "2012-10-17"
          },
          "sensitive_attributes": []
        }
      ]
    },
    {
      "mode": "managed",
      "type": "aws_autoscaling_group",
      "name": "dictionary-server-ag",
      "provider": "provider[\"registry.terraform.io/hashicorp/aws\"]",
      "instances": [
        {
          "schema_version": 0,
          "attributes": {
            "arn": "arn:aws:autoscaling:ap-northeast-1:248410679114:autoScalingGroup:2e4883ad-9eac-4777-94c7-83f4a2354b66:autoScalingGroupName/stg-dictionary-server-cp",
            "availability_zones": [
              "ap-northeast-1a"
            ],
            "capacity_rebalance": false,
            "context": "",
            "default_cooldown": 300,
            "default_instance_warmup": 0,
            "desired_capacity": 1,
            "desired_capacity_type": "",
            "enabled_metrics": [
              "GroupDesiredCapacity",
              "GroupInServiceInstances",
              "GroupMaxSize",
              "GroupMinSize",
              "GroupPendingInstances",
              "GroupStandbyInstances",
              "GroupTerminatingInstances",
              "GroupTotalInstances"
            ],
            "force_delete": false,
            "force_delete_warm_pool": false,
            "health_check_grace_period": 0,
            "health_check_type": "EC2",
            "id": "stg-dictionary-server-cp",
            "initial_lifecycle_hook": [],
            "instance_refresh": [],
            "launch_configuration": "",
            "launch_template": [
              {
                "id": "lt-05777c775d63bc778",
                "name": "launch_template-ecs",
                "version": "$Latest"
              }
            ],
            "load_balancers": [],
            "max_instance_lifetime": 0,
            "max_size": 1,
            "metrics_granularity": "1Minute",
            "min_elb_capacity": null,
            "min_size": 1,
            "mixed_instances_policy": [],
            "name": "stg-dictionary-server-cp",
            "name_prefix": "",
            "placement_group": "",
            "protect_from_scale_in": false,
            "service_linked_role_arn": "arn:aws:iam::248410679114:role/aws-service-role/autoscaling.amazonaws.com/AWSServiceRoleForAutoScaling",
            "suspended_processes": [],
            "tag": [],
            "tags": null,
            "target_group_arns": [],
            "termination_policies": [],
            "timeouts": {
              "delete": "15m",
              "update": null
            },
            "vpc_zone_identifier": [
              "subnet-0f0469f1c2991957b"
            ],
            "wait_for_capacity_timeout": "10m",
            "wait_for_elb_capacity": null,
            "warm_pool": []
          },
          "sensitive_attributes": [],
          "private": "eyJlMmJmYjczMC1lY2FhLTExZTYtOGY4OC0zNDM2M2JjN2M0YzAiOnsiZGVsZXRlIjo5MDAwMDAwMDAwMDAsInVwZGF0ZSI6NjAwMDAwMDAwMDAwfX0=",
          "dependencies": [
            "aws_subnet.private-ap-northeast-1a",
            "aws_vpc.saivpc",
            "data.aws_iam_policy_document.task-assume-role-policy",
            "aws_ecs_cluster.cluster1",
            "aws_iam_instance_profile.instance_profile",
            "aws_iam_role.role",
            "aws_launch_template.launch_template-ecs"
          ]
        }
      ]
    },
    {
      "mode": "managed",
      "type": "aws_cloudwatch_log_group",
      "name": "sai-server",
      "provider": "provider[\"registry.terraform.io/hashicorp/aws\"]",
      "instances": [
        {
          "schema_version": 0,
          "attributes": {
            "arn": "arn:aws:logs:ap-northeast-1:248410679114:log-group:awslogs-sai-server-log",
            "id": "awslogs-sai-server-log",
            "kms_key_id": "",
            "name": "awslogs-sai-server-log",
            "name_prefix": "",
            "retention_in_days": 0,
            "skip_destroy": false,
            "tags": {},
            "tags_all": {}
          },
          "sensitive_attributes": [],
          "private": "bnVsbA=="
        }
      ]
    },
    {
      "mode": "managed",
      "type": "aws_ecs_capacity_provider",
      "name": "dictionary-server-cp",
      "provider": "provider[\"registry.terraform.io/hashicorp/aws\"]",
      "instances": [
        {
          "schema_version": 0,
          "attributes": {
            "arn": "arn:aws:ecs:ap-northeast-1:248410679114:capacity-provider/stg-dictionary-server-cp",
            "auto_scaling_group_provider": [
              {
                "auto_scaling_group_arn": "arn:aws:autoscaling:ap-northeast-1:248410679114:autoScalingGroup:2e4883ad-9eac-4777-94c7-83f4a2354b66:autoScalingGroupName/stg-dictionary-server-cp",
                "managed_scaling": [
                  {
                    "instance_warmup_period": 300,
                    "maximum_scaling_step_size": 10000,
                    "minimum_scaling_step_size": 1,
                    "status": "ENABLED",
                    "target_capacity": 100
                  }
                ],
                "managed_termination_protection": "DISABLED"
              }
            ],
            "id": "arn:aws:ecs:ap-northeast-1:248410679114:capacity-provider/stg-dictionary-server-cp",
            "name": "stg-dictionary-server-cp",
            "tags": {},
            "tags_all": {}
          },
          "sensitive_attributes": [],
          "private": "bnVsbA==",
          "dependencies": [
            "aws_vpc.saivpc",
            "data.aws_iam_policy_document.task-assume-role-policy",
            "aws_autoscaling_group.dictionary-server-ag",
            "aws_ecs_cluster.cluster1",
            "aws_iam_instance_profile.instance_profile",
            "aws_iam_role.role",
            "aws_launch_template.launch_template-ecs",
            "aws_subnet.private-ap-northeast-1a"
          ]
        }
      ]
    },
    {
      "mode": "managed",
      "type": "aws_ecs_cluster",
      "name": "cluster1",
      "provider": "provider[\"registry.terraform.io/hashicorp/aws\"]",
      "instances": [
        {
          "schema_version": 0,
          "attributes": {
            "arn": "arn:aws:ecs:ap-northeast-1:248410679114:cluster/ecs-claster-1",
            "capacity_providers": [],
            "configuration": [],
            "default_capacity_provider_strategy": [],
            "id": "arn:aws:ecs:ap-northeast-1:248410679114:cluster/ecs-claster-1",
            "name": "ecs-claster-1",
            "service_connect_defaults": [],
            "setting": [
              {
                "name": "containerInsights",
                "value": "disabled"
              }
            ],
            "tags": {},
            "tags_all": {}
          },
          "sensitive_attributes": [],
          "private": "bnVsbA=="
        }
      ]
    },
    {
      "mode": "managed",
      "type": "aws_ecs_service",
      "name": "service",
      "provider": "provider[\"registry.terraform.io/hashicorp/aws\"]",
      "instances": [
        {
          "schema_version": 0,
          "attributes": {
            "alarms": [],
            "capacity_provider_strategy": [],
            "cluster": "arn:aws:ecs:ap-northeast-1:248410679114:cluster/ecs-claster-1",
            "deployment_circuit_breaker": [
              {
                "enable": true,
                "rollback": true
              }
            ],
            "deployment_controller": [
              {
                "type": "ECS"
              }
            ],
            "deployment_maximum_percent": 200,
            "deployment_minimum_healthy_percent": 100,
            "desired_count": 0,
            "enable_ecs_managed_tags": false,
            "enable_execute_command": false,
            "force_new_deployment": null,
            "health_check_grace_period_seconds": 0,
            "iam_role": "aws-service-role",
            "id": "arn:aws:ecs:ap-northeast-1:248410679114:service/ecs-claster-1/cluster-task",
            "launch_type": "FARGATE",
            "load_balancer": [],
            "name": "cluster-task",
            "network_configuration": [
              {
                "assign_public_ip": false,
                "security_groups": [],
                "subnets": [
                  "subnet-0f0469f1c2991957b"
                ]
              }
            ],
            "ordered_placement_strategy": [],
            "placement_constraints": [],
            "platform_version": "1.4.0",
            "propagate_tags": "NONE",
            "scheduling_strategy": "REPLICA",
            "service_connect_configuration": [],
            "service_registries": [],
            "tags": {},
            "tags_all": {},
            "task_definition": "arn:aws:ecs:ap-northeast-1:248410679114:task-definition/cluster-task:11",
            "timeouts": null,
            "triggers": {},
            "wait_for_steady_state": false
          },
          "sensitive_attributes": [],
          "private": "eyJlMmJmYjczMC1lY2FhLTExZTYtOGY4OC0zNDM2M2JjN2M0YzAiOnsiY3JlYXRlIjoxMjAwMDAwMDAwMDAwLCJkZWxldGUiOjEyMDAwMDAwMDAwMDAsInVwZGF0ZSI6MTIwMDAwMDAwMDAwMH19",
          "dependencies": [
            "aws_subnet.private-ap-northeast-1a",
            "aws_vpc.saivpc",
            "data.aws_iam_policy_document.task-assume-role-policy",
            "aws_cloudwatch_log_group.sai-server",
            "aws_ecs_cluster.cluster1",
            "aws_ecs_task_definition.cluster-task1",
            "aws_iam_role.ecs_task_role"
          ]
        }
      ]
    },
    {
      "mode": "managed",
      "type": "aws_ecs_task_definition",
      "name": "cluster-task1",
      "provider": "provider[\"registry.terraform.io/hashicorp/aws\"]",
      "instances": [
        {
          "schema_version": 1,
          "attributes": {
            "arn": "arn:aws:ecs:ap-northeast-1:248410679114:task-definition/cluster-task:11",
            "container_definitions": "[{\"command\":[\"/bin/bash -c \",\"echo 'izumo: \\\\n  dict: \\\\n    db: \\\\n      driver: com.mysql.jdbc.Driver\\\\n      url: jdbc:mysql://test:3306/izumo_dict?allowMultiQueries=true\u0026useUnicode=true\u0026characterEncoding=UTF-8\u0026socketTimeout=60000\u0026connectTimeout=3000\u0026autoReconnect=true  \\\\n      username: izumo_dict\\\\n      password: izumo_dict_pass\\\\n    redis: \\\\n      mode: standalone\\\\n      host: 172.20.0.3\\\\n      timeout: 3000\\\\n' \u003e /etc/application.yaml\"],\"cpu\":0,\"environment\":[{\"name\":\"spring.config.additional-location\",\"value\":\"file:/etc/application.yaml\"}],\"essential\":true,\"image\":\"nginx\",\"mountPoints\":[],\"name\":\"nginx\",\"portMappings\":[{\"containerPort\":80,\"hostPort\":80,\"protocol\":\"tcp\"}],\"volumesFrom\":[]}]",
            "cpu": "256",
            "ephemeral_storage": [],
            "execution_role_arn": "arn:aws:iam::248410679114:role/system/ecs_task_role-sai-server",
            "family": "cluster-task",
            "id": "cluster-task",
            "inference_accelerator": [],
            "ipc_mode": "",
            "memory": "512",
            "network_mode": "awsvpc",
            "pid_mode": "",
            "placement_constraints": [],
            "proxy_configuration": [],
            "requires_compatibilities": [
              "EC2"
            ],
            "revision": 11,
            "runtime_platform": [],
            "skip_destroy": false,
            "tags": {},
            "tags_all": {},
            "task_role_arn": "arn:aws:iam::248410679114:role/system/ecs_task_role-sai-server",
            "volume": []
          },
          "sensitive_attributes": [],
          "private": "eyJzY2hlbWFfdmVyc2lvbiI6IjEifQ==",
          "dependencies": [
            "aws_cloudwatch_log_group.sai-server",
            "aws_iam_role.ecs_task_role",
            "data.aws_iam_policy_document.task-assume-role-policy"
          ]
        }
      ]
    },
    {
      "mode": "managed",
      "type": "aws_iam_instance_profile",
      "name": "instance_profile",
      "provider": "provider[\"registry.terraform.io/hashicorp/aws\"]",
      "instances": [
        {
          "schema_version": 0,
          "attributes": {
            "arn": "arn:aws:iam::248410679114:instance-profile/instance_profile",
            "create_date": "2023-02-10T11:02:15Z",
            "id": "instance_profile",
            "name": "instance_profile",
            "name_prefix": null,
            "path": "/",
            "role": "instance_profile",
            "tags": {},
            "tags_all": {},
            "unique_id": "AIPATTVTOE5FC675YL76O"
          },
          "sensitive_attributes": [],
          "private": "bnVsbA==",
          "dependencies": [
            "aws_iam_role.role",
            "data.aws_iam_policy_document.task-assume-role-policy"
          ]
        }
      ]
    },
    {
      "mode": "managed",
      "type": "aws_iam_policy",
      "name": "ecs_task_role_policy",
      "provider": "provider[\"registry.terraform.io/hashicorp/aws\"]",
      "instances": [
        {
          "schema_version": 0,
          "attributes": {
            "arn": "arn:aws:iam::248410679114:policy/MyEcsTaskPolicy",
            "description": "",
            "id": "arn:aws:iam::248410679114:policy/MyEcsTaskPolicy",
            "name": "MyEcsTaskPolicy",
            "name_prefix": null,
            "path": "/",
            "policy": "{\"Statement\":[{\"Action\":[\"logs:PutLogEvents\",\"logs:DescribeLogStreams\",\"logs:CreateLogStream\",\"logs:CreateLogGroup\",\"iam:CreateRole\"],\"Effect\":\"Allow\",\"Resource\":\"*\",\"Sid\":\"\"}],\"Version\":\"2012-10-17\"}",
            "policy_id": "ANPATTVTOE5FIDZJMFQZZ",
            "tags": {},
            "tags_all": {}
          },
          "sensitive_attributes": [],
          "private": "bnVsbA==",
          "dependencies": [
            "data.aws_iam_policy_document.ecs_task_role_policy_document"
          ]
        }
      ]
    },
    {
      "mode": "managed",
      "type": "aws_iam_role",
      "name": "ecs_task_role",
      "provider": "provider[\"registry.terraform.io/hashicorp/aws\"]",
      "instances": [
        {
          "schema_version": 0,
          "attributes": {
            "arn": "arn:aws:iam::248410679114:role/system/ecs_task_role-sai-server",
            "assume_role_policy": "{\"Statement\":[{\"Action\":\"sts:AssumeRole\",\"Effect\":\"Allow\",\"Principal\":{\"Service\":\"ecs-tasks.amazonaws.com\"},\"Sid\":\"\"}],\"Version\":\"2012-10-17\"}",
            "create_date": "2023-02-09T11:46:22Z",
            "description": "",
            "force_detach_policies": false,
            "id": "ecs_task_role-sai-server",
            "inline_policy": [],
            "managed_policy_arns": [
              "arn:aws:iam::248410679114:policy/MyEcsTaskPolicy",
              "arn:aws:iam::aws:policy/service-role/AmazonECSTaskExecutionRolePolicy"
            ],
            "max_session_duration": 3600,
            "name": "ecs_task_role-sai-server",
            "name_prefix": "",
            "path": "/system/",
            "permissions_boundary": null,
            "tags": {},
            "tags_all": {},
            "unique_id": "AROATTVTOE5FI2SZSINMB"
          },
          "sensitive_attributes": [],
          "private": "bnVsbA==",
          "dependencies": [
            "data.aws_iam_policy_document.task-assume-role-policy"
          ]
        }
      ]
    },
    {
      "mode": "managed",
      "type": "aws_iam_role",
      "name": "role",
      "provider": "provider[\"registry.terraform.io/hashicorp/aws\"]",
      "instances": [
        {
          "schema_version": 0,
          "attributes": {
            "arn": "arn:aws:iam::248410679114:role/instance_profile",
            "assume_role_policy": "{\"Statement\":[{\"Action\":\"sts:AssumeRole\",\"Effect\":\"Allow\",\"Principal\":{\"Service\":\"ecs-tasks.amazonaws.com\"},\"Sid\":\"\"}],\"Version\":\"2012-10-17\"}",
            "create_date": "2023-02-10T11:02:13Z",
            "description": "",
            "force_detach_policies": false,
            "id": "instance_profile",
            "inline_policy": [],
            "managed_policy_arns": [
              "arn:aws:iam::aws:policy/AmazonEC2ContainerRegistryReadOnly"
            ],
            "max_session_duration": 3600,
            "name": "instance_profile",
            "name_prefix": "",
            "path": "/",
            "permissions_boundary": null,
            "tags": {},
            "tags_all": {},
            "unique_id": "AROATTVTOE5FMDY6LOFRR"
          },
          "sensitive_attributes": [],
          "private": "bnVsbA==",
          "dependencies": [
            "data.aws_iam_policy_document.task-assume-role-policy"
          ]
        }
      ]
    },
    {
      "mode": "managed",
      "type": "aws_iam_role_policy_attachment",
      "name": "ecs_task_role_attach_ecs_task_execution",
      "provider": "provider[\"registry.terraform.io/hashicorp/aws\"]",
      "instances": [
        {
          "schema_version": 0,
          "attributes": {
            "id": "ecs_task_role-sai-server-20230209114852294300000003",
            "policy_arn": "arn:aws:iam::aws:policy/service-role/AmazonECSTaskExecutionRolePolicy",
            "role": "ecs_task_role-sai-server"
          },
          "sensitive_attributes": [],
          "private": "bnVsbA==",
          "dependencies": [
            "aws_iam_role.ecs_task_role",
            "data.aws_iam_policy_document.task-assume-role-policy"
          ]
        }
      ]
    },
    {
      "mode": "managed",
      "type": "aws_iam_role_policy_attachment",
      "name": "ecs_task_role_policy_attachment",
      "provider": "provider[\"registry.terraform.io/hashicorp/aws\"]",
      "instances": [
        {
          "schema_version": 0,
          "attributes": {
            "id": "ecs_task_role-sai-server-20230209114852146500000002",
            "policy_arn": "arn:aws:iam::248410679114:policy/MyEcsTaskPolicy",
            "role": "ecs_task_role-sai-server"
          },
          "sensitive_attributes": [],
          "private": "bnVsbA==",
          "dependencies": [
            "aws_iam_policy.ecs_task_role_policy",
            "aws_iam_role.ecs_task_role",
            "data.aws_iam_policy_document.ecs_task_role_policy_document",
            "data.aws_iam_policy_document.task-assume-role-policy"
          ]
        }
      ]
    },
    {
      "mode": "managed",
      "type": "aws_iam_role_policy_attachment",
      "name": "role_policy_attach_ecr_readonly",
      "provider": "provider[\"registry.terraform.io/hashicorp/aws\"]",
      "instances": [
        {
          "schema_version": 0,
          "attributes": {
            "id": "instance_profile-20230210110443828500000001",
            "policy_arn": "arn:aws:iam::aws:policy/AmazonEC2ContainerRegistryReadOnly",
            "role": "instance_profile"
          },
          "sensitive_attributes": [],
          "private": "bnVsbA==",
          "dependencies": [
            "aws_iam_role.role",
            "data.aws_iam_policy_document.task-assume-role-policy"
          ]
        }
      ]
    },
    {
      "mode": "managed",
      "type": "aws_launch_template",
      "name": "launch_template-ecs",
      "provider": "provider[\"registry.terraform.io/hashicorp/aws\"]",
      "instances": [
        {
          "schema_version": 0,
          "attributes": {
            "arn": "arn:aws:ec2:ap-northeast-1:248410679114:launch-template/lt-05777c775d63bc778",
            "block_device_mappings": [
              {
                "device_name": "/dev/xvda",
                "ebs": [
                  {
                    "delete_on_termination": "true",
                    "encrypted": "",
                    "iops": 0,
                    "kms_key_id": "",
                    "snapshot_id": "",
                    "throughput": 0,
                    "volume_size": 100,
                    "volume_type": "gp2"
                  }
                ],
                "no_device": "",
                "virtual_name": ""
              }
            ],
            "capacity_reservation_specification": [],
            "cpu_options": [],
            "credit_specification": [],
            "default_version": 1,
            "description": "",
            "disable_api_stop": false,
            "disable_api_termination": false,
            "ebs_optimized": "false",
            "elastic_gpu_specifications": [],
            "elastic_inference_accelerator": [],
            "enclave_options": [],
            "hibernation_options": [],
            "iam_instance_profile": [
              {
                "arn": "arn:aws:iam::248410679114:instance-profile/instance_profile",
                "name": ""
              }
            ],
            "id": "lt-05777c775d63bc778",
            "image_id": "ami-0fcfb0266308303f6",
            "instance_initiated_shutdown_behavior": "",
            "instance_market_options": [],
            "instance_requirements": [],
            "instance_type": "t2.micro",
            "kernel_id": "",
            "key_name": "",
            "latest_version": 2,
            "license_specification": [],
            "maintenance_options": [],
            "metadata_options": [],
            "monitoring": [],
            "name": "launch_template-ecs",
            "name_prefix": "",
            "network_interfaces": [
              {
                "associate_carrier_ip_address": "",
                "associate_public_ip_address": "true",
                "delete_on_termination": "true",
                "description": "",
                "device_index": 0,
                "interface_type": "",
                "ipv4_address_count": 0,
                "ipv4_addresses": [],
                "ipv4_prefix_count": 0,
                "ipv4_prefixes": [],
                "ipv6_address_count": 0,
                "ipv6_addresses": [],
                "ipv6_prefix_count": 0,
                "ipv6_prefixes": [],
                "network_card_index": 0,
                "network_interface_id": "",
                "private_ip_address": "",
                "security_groups": [],
                "subnet_id": ""
              }
            ],
            "placement": [],
            "private_dns_name_options": [],
            "ram_disk_id": "",
            "security_group_names": [],
            "tag_specifications": [
              {
                "resource_type": "instance",
                "tags": {
                  "Application": "aaa",
                  "Stack": "staging"
                }
              },
              {
                "resource_type": "volume",
                "tags": {
                  "Application": "aaa",
                  "Stack": "staging"
                }
              }
            ],
            "tags": {
              "Application": "aaa",
              "Stack": "staging"
            },
            "tags_all": {
              "Application": "aaa",
              "Stack": "staging"
            },
            "update_default_version": null,
            "user_data": "H4sIAAAAAAAA/5RXe3PbNhL/m/wUW9njR2KQkl9t5DI3mcTutXM5+2K7k7leT1kBKxIRCLAAaEmJ89074MORY7dpPeMhue/97QPQxjfpVOp0iq4ARvUyduSBGahkRTOUKnbcyspX6ItssLljCYWSeg5sBoPN4WB30AkIaQNfSKuxJBhsftYLQvEG8GLOjZ7JfAwHh0fw7BmM4g0Q1ApKo8dQotTxBlTWcHIuGOpo8Qawv/YXb4DUzqPmBDdoXRz3nxMpss0dXlsFzEHhfTVO09Hxs2T/6DDpnqlCT86nJXlkAj2mvTaTYnfNVHVzmG3uyApQCAuuMAsgXwzhFnAxB3a2/Qukvz7dhu1UavKQfqys1B42Dz5t7/69bFrMaosBojj+6cXPLybnF1eX2YA5sjdkgb2qHdnEy5I+GE3ZT5dX8L8YgL0tl6M8PNwo7yjO7R8dz4G9fTt+TR5dhZwu5QfKRvvflS0Zl49wWu2346cXlhq3ZxZLujBS+xBB4LxQC1y5C0tXpuZFLy21P1OYuzOpUXVEsrNX0uFU0WWBlsRrWnNwpmRe+DfEjRWd6UuP1q/Tpc4zR95LnbssJc9T+aEuDROSB5TQrlJBM6yVT97P+J6Qbp55W9NeiUvMKds/LMKrC+kd7OeNk/t+z5uOdJmlyjjpjV1l6Q3aVJn8oa9Zo8psH3OfCzsvpb/0yOdXFjn9qM/Q+avCmkWb6rWjK4vaVWhJ+3/WOV1gTu4zFtdaGT4/XVZkZUnao/r5dRfZnYX//vDys8IlzqgKRbmSJZnat/B9QXxFClfZ/nDY6SmTj3P+JPMhyD3XSz/JBE3rfI8rdK6QzptepCCs+vecP/UKp71wzp9ayqXRa4Syb6c1mi7JF0Y8yaSemVZrds+GMrz7Hs+koj9B//1NmYQU/J7a8600N7X22Wi4Fz6aKh8fvm6zfcVNmbhaJyVqzCmgmrwvl5ZK4+kr7KQy1mejb4ejZ1+TdE5lM1Tuqyax9gVpLzl6utN4jzeY2FIm7YQnhXE+bMPsXf/27nPNu1E6XVZKcul/eDn4OwuGeGHg9OXl5OW/ri+vTt9kxB0LJfdk2QieP4dmvoi78J+02+gkjoWZuDCWkzbEnV34GEeNsUEYV6lz6IJPkgGMnm/tx3FUzoW0wCpoqymnD6q5LvPYXD+w8UhH/BWZL2c2jjl6eP640xSrgG2zgZMVlgq+//70/Cxu5MYxQBANTwAxbZ8AwsobsmMI1S9X7jeVvBdTnrxqyJ1MbdUYAnncSIzTdHxwMDxuA5gEq/9Apczida28/E9NVpJrFtlW7ehaS24Etd+8QIvckz3V3DT78frqjH235QyfUz/42fFwOBxucaM18TviQaBh7U3YfQ2nMdmH6Mi2B3FHqNC5hbFiDM65hmZJSNenXRpBYwjHpEBldG8m9O2dCd96HkNwHQck23Yy1aPdZKrqsXaKRMjNQtDrmPGnUEcXrh8fR2PmyNcVatE06qcBSB1HzftuHEVu5bhXwBagySfcWEqcKXEZMMiOj44Oju4J3ZRJictJidWk2y4Ho+G3+3EUfTEJcRT55gDseo/PU1dP3cqlzU0mik5OQhSm2u1179KG21tooI8iW4Yb1p+ZmEulWhMNCq3CAzuNs3UYgsoGhEseD4adqS0n8Aa843HUYu4dD6MQHAq6kZxcePdUpms66+/DlNc2nGGTNWLcegrVaWMUAdBamCZKyQnWCtgKC2sqQKVAVj7sNLC1IhdH0cxYaClSw0yqcOnQ6MHiAkrUuSJwxGsr/eoEhImjLpNBZ8gB87DZWmCXg8B/lPNZ8Q9lzv6I8TYwSiMqa6YEzPZJTFqBplS6Q6XWyqC4S7M0Yi1RGZJ85+g3OHrXZ6NcaUR3u9xO/7+z9Ley8rd6tjtJYWsLNg8gy2AI/T1z9GkbbmGJNnfAmDbM1prJGaOy8itYi/JeWKI9SuAuvRBOVyXUAiw1PdT3yfb5xdWP5/8OV1HW3bdYrWQpPWjTnNqj4f7h+HD47BgY6422p9xg++5sCUPWHCtp6yqOokUhFcE3DzsFrb9f4Dfk7Sqsh3WRtSURRU4RVTBaS5QXAUy2bN1za3QiUKpVWqJmYpoEShxFmzu4cEDcQk6eKZNLDYy11xvAimljfUHoPBu1GEvNVS2IUYmymU1e3f8h1B0vWvpE9LPcBvN0+Tiv+8kEjKEQ0JF7VMIn9BUJk/5kty/N4NphTmPYHMIvjcRtmLJf71ChpfQNJicnMTnk8e8AAAD//wEAAP//1a9VYAgOAAA=",
            "vpc_security_group_ids": []
          },
          "sensitive_attributes": [],
          "private": "bnVsbA==",
          "dependencies": [
            "aws_ecs_cluster.cluster1",
            "aws_iam_instance_profile.instance_profile",
            "aws_iam_role.role",
            "data.aws_iam_policy_document.task-assume-role-policy"
          ]
        }
      ]
    },
    {
      "mode": "managed",
      "type": "aws_subnet",
      "name": "private-ap-northeast-1a",
      "provider": "provider[\"registry.terraform.io/hashicorp/aws\"]",
      "instances": [
        {
          "schema_version": 1,
          "attributes": {
            "arn": "arn:aws:ec2:ap-northeast-1:248410679114:subnet/subnet-0f0469f1c2991957b",
            "assign_ipv6_address_on_creation": false,
            "availability_zone": "ap-northeast-1a",
            "availability_zone_id": "apne1-az4",
            "cidr_block": "10.0.0.0/16",
            "customer_owned_ipv4_pool": "",
            "enable_dns64": false,
            "enable_resource_name_dns_a_record_on_launch": false,
            "enable_resource_name_dns_aaaa_record_on_launch": false,
            "id": "subnet-0f0469f1c2991957b",
            "ipv6_cidr_block": "",
            "ipv6_cidr_block_association_id": "",
            "ipv6_native": false,
            "map_customer_owned_ip_on_launch": false,
            "map_public_ip_on_launch": false,
            "outpost_arn": "",
            "owner_id": "248410679114",
            "private_dns_hostname_type_on_launch": "ip-name",
            "tags": {
              "name": "private-ap-northeast-1a"
            },
            "tags_all": {
              "name": "private-ap-northeast-1a"
            },
            "timeouts": null,
            "vpc_id": "vpc-0083c626e0143a44d"
          },
          "sensitive_attributes": [],
          "private": "eyJlMmJmYjczMC1lY2FhLTExZTYtOGY4OC0zNDM2M2JjN2M0YzAiOnsiY3JlYXRlIjo2MDAwMDAwMDAwMDAsImRlbGV0ZSI6MTIwMDAwMDAwMDAwMH0sInNjaGVtYV92ZXJzaW9uIjoiMSJ9",
          "dependencies": [
            "aws_vpc.saivpc"
          ]
        }
      ]
    },
    {
      "mode": "managed",
      "type": "aws_vpc",
      "name": "saivpc",
      "provider": "provider[\"registry.terraform.io/hashicorp/aws\"]",
      "instances": [
        {
          "schema_version": 1,
          "attributes": {
            "arn": "arn:aws:ec2:ap-northeast-1:248410679114:vpc/vpc-0083c626e0143a44d",
            "assign_generated_ipv6_cidr_block": false,
            "cidr_block": "10.0.0.0/16",
            "default_network_acl_id": "acl-0c803779c13883744",
            "default_route_table_id": "rtb-0e36553d8b41519e3",
            "default_security_group_id": "sg-050462d42b7b6f596",
            "dhcp_options_id": "dopt-0a212132e6314f849",
            "enable_classiclink": false,
            "enable_classiclink_dns_support": false,
            "enable_dns_hostnames": false,
            "enable_dns_support": true,
            "enable_network_address_usage_metrics": false,
            "id": "vpc-0083c626e0143a44d",
            "instance_tenancy": "default",
            "ipv4_ipam_pool_id": null,
            "ipv4_netmask_length": null,
            "ipv6_association_id": "",
            "ipv6_cidr_block": "",
            "ipv6_cidr_block_network_border_group": "",
            "ipv6_ipam_pool_id": "",
            "ipv6_netmask_length": 0,
            "main_route_table_id": "rtb-0e36553d8b41519e3",
            "owner_id": "248410679114",
            "tags": {
              "Name": "sai-vpc"
            },
            "tags_all": {
              "Name": "sai-vpc"
            }
          },
          "sensitive_attributes": [],
          "private": "eyJzY2hlbWFfdmVyc2lvbiI6IjEifQ=="
        }
      ]
    }
  ]
}
